// !$*UTF8*$!
{
	archiveVersion = 1;
	classes = {
	};
	objectVersion = 50;
	objects = {

/* Begin PBXBuildFile section */
		302DB384225DE166003969FA /* RepositoriesViewModel.swift in Sources */ = {isa = PBXBuildFile; fileRef = 302DB383225DE166003969FA /* RepositoriesViewModel.swift */; };
		302DB386225DE1E5003969FA /* RepositoriesProvider.swift in Sources */ = {isa = PBXBuildFile; fileRef = 302DB385225DE1E5003969FA /* RepositoriesProvider.swift */; };
		30FB00F0225DBC5700F5F837 /* AppDelegate.swift in Sources */ = {isa = PBXBuildFile; fileRef = 30FB00EF225DBC5700F5F837 /* AppDelegate.swift */; };
		30FB00F7225DBC5800F5F837 /* Assets.xcassets in Resources */ = {isa = PBXBuildFile; fileRef = 30FB00F6225DBC5800F5F837 /* Assets.xcassets */; };
		30FB00FA225DBC5800F5F837 /* LaunchScreen.storyboard in Resources */ = {isa = PBXBuildFile; fileRef = 30FB00F8225DBC5800F5F837 /* LaunchScreen.storyboard */; };
		30FB0105225DBC5800F5F837 /* RxInputOutputTests.swift in Sources */ = {isa = PBXBuildFile; fileRef = 30FB0104225DBC5800F5F837 /* RxInputOutputTests.swift */; };
		30FB0119225DC73300F5F837 /* ViewModelType.swift in Sources */ = {isa = PBXBuildFile; fileRef = 30FB0118225DC73300F5F837 /* ViewModelType.swift */; };
		30FB011C225DD00E00F5F837 /* Repository.swift in Sources */ = {isa = PBXBuildFile; fileRef = 30FB011B225DD00E00F5F837 /* Repository.swift */; };
		30FB0120225DD22200F5F837 /* RepositoriesViewController.swift in Sources */ = {isa = PBXBuildFile; fileRef = 30FB011F225DD22200F5F837 /* RepositoriesViewController.swift */; };
		7CFA6C39BF77B32B599E134F /* Pods_RxInputOutputTests.framework in Frameworks */ = {isa = PBXBuildFile; fileRef = CB55CB344F1EB485EBA4B8A4 /* Pods_RxInputOutputTests.framework */; };
		F5E2C87171913F96601F3B23 /* Pods_RxInputOutput.framework in Frameworks */ = {isa = PBXBuildFile; fileRef = BA6202507DE80CD7CD68B9C7 /* Pods_RxInputOutput.framework */; };
/* End PBXBuildFile section */

/* Begin PBXContainerItemProxy section */
		30FB0101225DBC5800F5F837 /* PBXContainerItemProxy */ = {
			isa = PBXContainerItemProxy;
			containerPortal = 30FB00E4225DBC5700F5F837 /* Project object */;
			proxyType = 1;
			remoteGlobalIDString = 30FB00EB225DBC5700F5F837;
			remoteInfo = RxInputOutput;
		};
/* End PBXContainerItemProxy section */

/* Begin PBXFileReference section */
		0131F7FF774714806A55122D /* Pods-RxInputOutputTests.release.xcconfig */ = {isa = PBXFileReference; includeInIndex = 1; lastKnownFileType = text.xcconfig; name = "Pods-RxInputOutputTests.release.xcconfig"; path = "Target Support Files/Pods-RxInputOutputTests/Pods-RxInputOutputTests.release.xcconfig"; sourceTree = "<group>"; };
		302DB383225DE166003969FA /* RepositoriesViewModel.swift */ = {isa = PBXFileReference; lastKnownFileType = sourcecode.swift; path = RepositoriesViewModel.swift; sourceTree = "<group>"; };
		302DB385225DE1E5003969FA /* RepositoriesProvider.swift */ = {isa = PBXFileReference; lastKnownFileType = sourcecode.swift; path = RepositoriesProvider.swift; sourceTree = "<group>"; };
		30FB00EC225DBC5700F5F837 /* RxInputOutput.app */ = {isa = PBXFileReference; explicitFileType = wrapper.application; includeInIndex = 0; path = RxInputOutput.app; sourceTree = BUILT_PRODUCTS_DIR; };
		30FB00EF225DBC5700F5F837 /* AppDelegate.swift */ = {isa = PBXFileReference; lastKnownFileType = sourcecode.swift; path = AppDelegate.swift; sourceTree = "<group>"; };
		30FB00F6225DBC5800F5F837 /* Assets.xcassets */ = {isa = PBXFileReference; lastKnownFileType = folder.assetcatalog; path = Assets.xcassets; sourceTree = "<group>"; };
		30FB00F9225DBC5800F5F837 /* Base */ = {isa = PBXFileReference; lastKnownFileType = file.storyboard; name = Base; path = Base.lproj/LaunchScreen.storyboard; sourceTree = "<group>"; };
		30FB00FB225DBC5800F5F837 /* Info.plist */ = {isa = PBXFileReference; lastKnownFileType = text.plist.xml; path = Info.plist; sourceTree = "<group>"; };
		30FB0100225DBC5800F5F837 /* RxInputOutputTests.xctest */ = {isa = PBXFileReference; explicitFileType = wrapper.cfbundle; includeInIndex = 0; path = RxInputOutputTests.xctest; sourceTree = BUILT_PRODUCTS_DIR; };
		30FB0104225DBC5800F5F837 /* RxInputOutputTests.swift */ = {isa = PBXFileReference; lastKnownFileType = sourcecode.swift; path = RxInputOutputTests.swift; sourceTree = "<group>"; };
		30FB0106225DBC5800F5F837 /* Info.plist */ = {isa = PBXFileReference; lastKnownFileType = text.plist.xml; path = Info.plist; sourceTree = "<group>"; };
		30FB0118225DC73300F5F837 /* ViewModelType.swift */ = {isa = PBXFileReference; lastKnownFileType = sourcecode.swift; path = ViewModelType.swift; sourceTree = "<group>"; };
		30FB011B225DD00E00F5F837 /* Repository.swift */ = {isa = PBXFileReference; lastKnownFileType = sourcecode.swift; path = Repository.swift; sourceTree = "<group>"; };
		30FB011F225DD22200F5F837 /* RepositoriesViewController.swift */ = {isa = PBXFileReference; lastKnownFileType = sourcecode.swift; path = RepositoriesViewController.swift; sourceTree = "<group>"; };
		6508C3AFFA5884C1F433B53F /* Pods-RxInputOutputTests.debug.xcconfig */ = {isa = PBXFileReference; includeInIndex = 1; lastKnownFileType = text.xcconfig; name = "Pods-RxInputOutputTests.debug.xcconfig"; path = "Target Support Files/Pods-RxInputOutputTests/Pods-RxInputOutputTests.debug.xcconfig"; sourceTree = "<group>"; };
		763EB66975420794010F6175 /* Pods-RxInputOutput.debug.xcconfig */ = {isa = PBXFileReference; includeInIndex = 1; lastKnownFileType = text.xcconfig; name = "Pods-RxInputOutput.debug.xcconfig"; path = "Target Support Files/Pods-RxInputOutput/Pods-RxInputOutput.debug.xcconfig"; sourceTree = "<group>"; };
		BA6202507DE80CD7CD68B9C7 /* Pods_RxInputOutput.framework */ = {isa = PBXFileReference; explicitFileType = wrapper.framework; includeInIndex = 0; path = Pods_RxInputOutput.framework; sourceTree = BUILT_PRODUCTS_DIR; };
		CB55CB344F1EB485EBA4B8A4 /* Pods_RxInputOutputTests.framework */ = {isa = PBXFileReference; explicitFileType = wrapper.framework; includeInIndex = 0; path = Pods_RxInputOutputTests.framework; sourceTree = BUILT_PRODUCTS_DIR; };
		DE016BD87409CC5AEE009AEE /* Pods-RxInputOutput.release.xcconfig */ = {isa = PBXFileReference; includeInIndex = 1; lastKnownFileType = text.xcconfig; name = "Pods-RxInputOutput.release.xcconfig"; path = "Target Support Files/Pods-RxInputOutput/Pods-RxInputOutput.release.xcconfig"; sourceTree = "<group>"; };
/* End PBXFileReference section */

/* Begin PBXFrameworksBuildPhase section */
		30FB00E9225DBC5700F5F837 /* Frameworks */ = {
			isa = PBXFrameworksBuildPhase;
			buildActionMask = 2147483647;
			files = (
				F5E2C87171913F96601F3B23 /* Pods_RxInputOutput.framework in Frameworks */,
			);
			runOnlyForDeploymentPostprocessing = 0;
		};
		30FB00FD225DBC5800F5F837 /* Frameworks */ = {
			isa = PBXFrameworksBuildPhase;
			buildActionMask = 2147483647;
			files = (
				7CFA6C39BF77B32B599E134F /* Pods_RxInputOutputTests.framework in Frameworks */,
			);
			runOnlyForDeploymentPostprocessing = 0;
		};
/* End PBXFrameworksBuildPhase section */

/* Begin PBXGroup section */
		30FB00E3225DBC5700F5F837 = {
			isa = PBXGroup;
			children = (
				30FB00EE225DBC5700F5F837 /* RxInputOutput */,
				30FB0103225DBC5800F5F837 /* RxInputOutputTests */,
				30FB00ED225DBC5700F5F837 /* Products */,
				810ACA6B9C16C4A426201A2D /* Pods */,
				C5167013E8443BA9B688E1C3 /* Frameworks */,
			);
			sourceTree = "<group>";
		};
		30FB00ED225DBC5700F5F837 /* Products */ = {
			isa = PBXGroup;
			children = (
				30FB00EC225DBC5700F5F837 /* RxInputOutput.app */,
				30FB0100225DBC5800F5F837 /* RxInputOutputTests.xctest */,
			);
			name = Products;
			sourceTree = "<group>";
		};
		30FB00EE225DBC5700F5F837 /* RxInputOutput */ = {
			isa = PBXGroup;
			children = (
				30FB00EF225DBC5700F5F837 /* AppDelegate.swift */,
				30FB0112225DC05F00F5F837 /* Extensions */,
				30FB011A225DCF8700F5F837 /* Models */,
				30FB0111225DC05900F5F837 /* Modules */,
				30FB0110225DC05000F5F837 /* Services */,
				30FB0117225DC72000F5F837 /* Protocols */,
				30FB010F225DC04900F5F837 /* Resources */,
			);
			path = RxInputOutput;
			sourceTree = "<group>";
		};
		30FB0103225DBC5800F5F837 /* RxInputOutputTests */ = {
			isa = PBXGroup;
			children = (
				30FB0104225DBC5800F5F837 /* RxInputOutputTests.swift */,
				30FB0106225DBC5800F5F837 /* Info.plist */,
			);
			path = RxInputOutputTests;
			sourceTree = "<group>";
		};
		30FB010F225DC04900F5F837 /* Resources */ = {
			isa = PBXGroup;
			children = (
				30FB00F6225DBC5800F5F837 /* Assets.xcassets */,
				30FB00F8225DBC5800F5F837 /* LaunchScreen.storyboard */,
				30FB00FB225DBC5800F5F837 /* Info.plist */,
			);
			path = Resources;
			sourceTree = "<group>";
		};
		30FB0110225DC05000F5F837 /* Services */ = {
			isa = PBXGroup;
			children = (
			);
			path = Services;
			sourceTree = "<group>";
		};
		30FB0111225DC05900F5F837 /* Modules */ = {
			isa = PBXGroup;
			children = (
				30FB0113225DC6C900F5F837 /* Repositories */,
			);
			path = Modules;
			sourceTree = "<group>";
		};
		30FB0112225DC05F00F5F837 /* Extensions */ = {
			isa = PBXGroup;
			children = (
			);
			path = Extensions;
			sourceTree = "<group>";
		};
		30FB0113225DC6C900F5F837 /* Repositories */ = {
			isa = PBXGroup;
			children = (
				30FB0115225DC6E000F5F837 /* ViewModel */,
				30FB0116225DC6EB00F5F837 /* ViewController */,
			);
			path = Repositories;
			sourceTree = "<group>";
		};
		30FB0115225DC6E000F5F837 /* ViewModel */ = {
			isa = PBXGroup;
			children = (
				302DB383225DE166003969FA /* RepositoriesViewModel.swift */,
				302DB385225DE1E5003969FA /* RepositoriesProvider.swift */,
			);
			path = ViewModel;
			sourceTree = "<group>";
		};
		30FB0116225DC6EB00F5F837 /* ViewController */ = {
			isa = PBXGroup;
			children = (
				30FB011F225DD22200F5F837 /* RepositoriesViewController.swift */,
			);
			path = ViewController;
			sourceTree = "<group>";
		};
		30FB0117225DC72000F5F837 /* Protocols */ = {
			isa = PBXGroup;
			children = (
				30FB0118225DC73300F5F837 /* ViewModelType.swift */,
			);
			path = Protocols;
			sourceTree = "<group>";
		};
		30FB011A225DCF8700F5F837 /* Models */ = {
			isa = PBXGroup;
			children = (
				30FB011B225DD00E00F5F837 /* Repository.swift */,
			);
			path = Models;
			sourceTree = "<group>";
		};
		810ACA6B9C16C4A426201A2D /* Pods */ = {
			isa = PBXGroup;
			children = (
				763EB66975420794010F6175 /* Pods-RxInputOutput.debug.xcconfig */,
				DE016BD87409CC5AEE009AEE /* Pods-RxInputOutput.release.xcconfig */,
				6508C3AFFA5884C1F433B53F /* Pods-RxInputOutputTests.debug.xcconfig */,
				0131F7FF774714806A55122D /* Pods-RxInputOutputTests.release.xcconfig */,
			);
			path = Pods;
			sourceTree = "<group>";
		};
		C5167013E8443BA9B688E1C3 /* Frameworks */ = {
			isa = PBXGroup;
			children = (
				BA6202507DE80CD7CD68B9C7 /* Pods_RxInputOutput.framework */,
				CB55CB344F1EB485EBA4B8A4 /* Pods_RxInputOutputTests.framework */,
			);
			name = Frameworks;
			sourceTree = "<group>";
		};
/* End PBXGroup section */

/* Begin PBXNativeTarget section */
		30FB00EB225DBC5700F5F837 /* RxInputOutput */ = {
			isa = PBXNativeTarget;
			buildConfigurationList = 30FB0109225DBC5800F5F837 /* Build configuration list for PBXNativeTarget "RxInputOutput" */;
			buildPhases = (
				965DA1F8303FC43CCA890338 /* [CP] Check Pods Manifest.lock */,
				30FB00E8225DBC5700F5F837 /* Sources */,
				30FB00E9225DBC5700F5F837 /* Frameworks */,
				30FB00EA225DBC5700F5F837 /* Resources */,
				7E327D572180D79F6F312B48 /* [CP] Embed Pods Frameworks */,
			);
			buildRules = (
			);
			dependencies = (
			);
			name = RxInputOutput;
			productName = RxInputOutput;
			productReference = 30FB00EC225DBC5700F5F837 /* RxInputOutput.app */;
			productType = "com.apple.product-type.application";
		};
		30FB00FF225DBC5800F5F837 /* RxInputOutputTests */ = {
			isa = PBXNativeTarget;
			buildConfigurationList = 30FB010C225DBC5800F5F837 /* Build configuration list for PBXNativeTarget "RxInputOutputTests" */;
			buildPhases = (
				994CFCA06C3219B2735BCAC1 /* [CP] Check Pods Manifest.lock */,
				30FB00FC225DBC5800F5F837 /* Sources */,
				30FB00FD225DBC5800F5F837 /* Frameworks */,
				30FB00FE225DBC5800F5F837 /* Resources */,
				D005A2A00F0BB1784327413B /* [CP] Embed Pods Frameworks */,
			);
			buildRules = (
			);
			dependencies = (
				30FB0102225DBC5800F5F837 /* PBXTargetDependency */,
			);
			name = RxInputOutputTests;
			productName = RxInputOutputTests;
			productReference = 30FB0100225DBC5800F5F837 /* RxInputOutputTests.xctest */;
			productType = "com.apple.product-type.bundle.unit-test";
		};
/* End PBXNativeTarget section */

/* Begin PBXProject section */
		30FB00E4225DBC5700F5F837 /* Project object */ = {
			isa = PBXProject;
			attributes = {
				LastSwiftUpdateCheck = 1010;
				LastUpgradeCheck = 1010;
				ORGANIZATIONNAME = "Aleksandr Malina";
				TargetAttributes = {
					30FB00EB225DBC5700F5F837 = {
						CreatedOnToolsVersion = 10.1;
					};
					30FB00FF225DBC5800F5F837 = {
						CreatedOnToolsVersion = 10.1;
						TestTargetID = 30FB00EB225DBC5700F5F837;
					};
				};
			};
			buildConfigurationList = 30FB00E7225DBC5700F5F837 /* Build configuration list for PBXProject "RxInputOutput" */;
			compatibilityVersion = "Xcode 9.3";
			developmentRegion = en;
			hasScannedForEncodings = 0;
			knownRegions = (
				en,
				Base,
			);
			mainGroup = 30FB00E3225DBC5700F5F837;
			productRefGroup = 30FB00ED225DBC5700F5F837 /* Products */;
			projectDirPath = "";
			projectRoot = "";
			targets = (
				30FB00EB225DBC5700F5F837 /* RxInputOutput */,
				30FB00FF225DBC5800F5F837 /* RxInputOutputTests */,
			);
		};
/* End PBXProject section */

/* Begin PBXResourcesBuildPhase section */
		30FB00EA225DBC5700F5F837 /* Resources */ = {
			isa = PBXResourcesBuildPhase;
			buildActionMask = 2147483647;
			files = (
				30FB00FA225DBC5800F5F837 /* LaunchScreen.storyboard in Resources */,
				30FB00F7225DBC5800F5F837 /* Assets.xcassets in Resources */,
			);
			runOnlyForDeploymentPostprocessing = 0;
		};
		30FB00FE225DBC5800F5F837 /* Resources */ = {
			isa = PBXResourcesBuildPhase;
			buildActionMask = 2147483647;
			files = (
			);
			runOnlyForDeploymentPostprocessing = 0;
		};
/* End PBXResourcesBuildPhase section */

/* Begin PBXShellScriptBuildPhase section */
		7E327D572180D79F6F312B48 /* [CP] Embed Pods Frameworks */ = {
			isa = PBXShellScriptBuildPhase;
			buildActionMask = 2147483647;
			files = (
			);
			inputFileListPaths = (
			);
			inputPaths = (
				"${PODS_ROOT}/Target Support Files/Pods-RxInputOutput/Pods-RxInputOutput-frameworks.sh",
				"${BUILT_PRODUCTS_DIR}/RxCocoa/RxCocoa.framework",
				"${BUILT_PRODUCTS_DIR}/RxSwift/RxSwift.framework",
			);
			name = "[CP] Embed Pods Frameworks";
			outputFileListPaths = (
			);
			outputPaths = (
				"${TARGET_BUILD_DIR}/${FRAMEWORKS_FOLDER_PATH}/RxCocoa.framework",
				"${TARGET_BUILD_DIR}/${FRAMEWORKS_FOLDER_PATH}/RxSwift.framework",
			);
			runOnlyForDeploymentPostprocessing = 0;
			shellPath = /bin/sh;
			shellScript = "\"${PODS_ROOT}/Target Support Files/Pods-RxInputOutput/Pods-RxInputOutput-frameworks.sh\"\n";
			showEnvVarsInLog = 0;
		};
		965DA1F8303FC43CCA890338 /* [CP] Check Pods Manifest.lock */ = {
			isa = PBXShellScriptBuildPhase;
			buildActionMask = 2147483647;
			files = (
			);
			inputFileListPaths = (
			);
			inputPaths = (
				"${PODS_PODFILE_DIR_PATH}/Podfile.lock",
				"${PODS_ROOT}/Manifest.lock",
			);
			name = "[CP] Check Pods Manifest.lock";
			outputFileListPaths = (
			);
			outputPaths = (
				"$(DERIVED_FILE_DIR)/Pods-RxInputOutput-checkManifestLockResult.txt",
			);
			runOnlyForDeploymentPostprocessing = 0;
			shellPath = /bin/sh;
			shellScript = "diff \"${PODS_PODFILE_DIR_PATH}/Podfile.lock\" \"${PODS_ROOT}/Manifest.lock\" > /dev/null\nif [ $? != 0 ] ; then\n    # print error to STDERR\n    echo \"error: The sandbox is not in sync with the Podfile.lock. Run 'pod install' or update your CocoaPods installation.\" >&2\n    exit 1\nfi\n# This output is used by Xcode 'outputs' to avoid re-running this script phase.\necho \"SUCCESS\" > \"${SCRIPT_OUTPUT_FILE_0}\"\n";
			showEnvVarsInLog = 0;
		};
		994CFCA06C3219B2735BCAC1 /* [CP] Check Pods Manifest.lock */ = {
			isa = PBXShellScriptBuildPhase;
			buildActionMask = 2147483647;
			files = (
			);
			inputFileListPaths = (
			);
			inputPaths = (
				"${PODS_PODFILE_DIR_PATH}/Podfile.lock",
				"${PODS_ROOT}/Manifest.lock",
			);
			name = "[CP] Check Pods Manifest.lock";
			outputFileListPaths = (
			);
			outputPaths = (
				"$(DERIVED_FILE_DIR)/Pods-RxInputOutputTests-checkManifestLockResult.txt",
			);
			runOnlyForDeploymentPostprocessing = 0;
			shellPath = /bin/sh;
			shellScript = "diff \"${PODS_PODFILE_DIR_PATH}/Podfile.lock\" \"${PODS_ROOT}/Manifest.lock\" > /dev/null\nif [ $? != 0 ] ; then\n    # print error to STDERR\n    echo \"error: The sandbox is not in sync with the Podfile.lock. Run 'pod install' or update your CocoaPods installation.\" >&2\n    exit 1\nfi\n# This output is used by Xcode 'outputs' to avoid re-running this script phase.\necho \"SUCCESS\" > \"${SCRIPT_OUTPUT_FILE_0}\"\n";
			showEnvVarsInLog = 0;
		};
		D005A2A00F0BB1784327413B /* [CP] Embed Pods Frameworks */ = {
			isa = PBXShellScriptBuildPhase;
			buildActionMask = 2147483647;
			files = (
			);
			inputFileListPaths = (
			);
			inputPaths = (
				"${PODS_ROOT}/Target Support Files/Pods-RxInputOutputTests/Pods-RxInputOutputTests-frameworks.sh",
				"${BUILT_PRODUCTS_DIR}/RxSwift/RxSwift.framework",
				"${BUILT_PRODUCTS_DIR}/RxBlocking/RxBlocking.framework",
				"${BUILT_PRODUCTS_DIR}/RxTest/RxTest.framework",
			);
			name = "[CP] Embed Pods Frameworks";
			outputFileListPaths = (
			);
			outputPaths = (
				"${TARGET_BUILD_DIR}/${FRAMEWORKS_FOLDER_PATH}/RxSwift.framework",
				"${TARGET_BUILD_DIR}/${FRAMEWORKS_FOLDER_PATH}/RxBlocking.framework",
				"${TARGET_BUILD_DIR}/${FRAMEWORKS_FOLDER_PATH}/RxTest.framework",
			);
			runOnlyForDeploymentPostprocessing = 0;
			shellPath = /bin/sh;
			shellScript = "\"${PODS_ROOT}/Target Support Files/Pods-RxInputOutputTests/Pods-RxInputOutputTests-frameworks.sh\"\n";
			showEnvVarsInLog = 0;
		};
/* End PBXShellScriptBuildPhase section */

/* Begin PBXSourcesBuildPhase section */
		30FB00E8225DBC5700F5F837 /* Sources */ = {
			isa = PBXSourcesBuildPhase;
			buildActionMask = 2147483647;
			files = (
				30FB0120225DD22200F5F837 /* RepositoriesViewController.swift in Sources */,
				30FB0119225DC73300F5F837 /* ViewModelType.swift in Sources */,
				302DB386225DE1E5003969FA /* RepositoriesProvider.swift in Sources */,
				30FB00F0225DBC5700F5F837 /* AppDelegate.swift in Sources */,
				302DB384225DE166003969FA /* RepositoriesViewModel.swift in Sources */,
				30FB011C225DD00E00F5F837 /* Repository.swift in Sources */,
			);
			runOnlyForDeploymentPostprocessing = 0;
		};
		30FB00FC225DBC5800F5F837 /* Sources */ = {
			isa = PBXSourcesBuildPhase;
			buildActionMask = 2147483647;
			files = (
				30FB0105225DBC5800F5F837 /* RxInputOutputTests.swift in Sources */,
			);
			runOnlyForDeploymentPostprocessing = 0;
		};
/* End PBXSourcesBuildPhase section */

/* Begin PBXTargetDependency section */
		30FB0102225DBC5800F5F837 /* PBXTargetDependency */ = {
			isa = PBXTargetDependency;
			target = 30FB00EB225DBC5700F5F837 /* RxInputOutput */;
			targetProxy = 30FB0101225DBC5800F5F837 /* PBXContainerItemProxy */;
		};
/* End PBXTargetDependency section */

/* Begin PBXVariantGroup section */
		30FB00F8225DBC5800F5F837 /* LaunchScreen.storyboard */ = {
			isa = PBXVariantGroup;
			children = (
				30FB00F9225DBC5800F5F837 /* Base */,
			);
			name = LaunchScreen.storyboard;
			sourceTree = "<group>";
		};
/* End PBXVariantGroup section */

/* Begin XCBuildConfiguration section */
		30FB0107225DBC5800F5F837 /* Debug */ = {
			isa = XCBuildConfiguration;
			buildSettings = {
				ALWAYS_SEARCH_USER_PATHS = NO;
				CLANG_ANALYZER_NONNULL = YES;
				CLANG_ANALYZER_NUMBER_OBJECT_CONVERSION = YES_AGGRESSIVE;
				CLANG_CXX_LANGUAGE_STANDARD = "gnu++14";
				CLANG_CXX_LIBRARY = "libc++";
				CLANG_ENABLE_MODULES = YES;
				CLANG_ENABLE_OBJC_ARC = YES;
				CLANG_ENABLE_OBJC_WEAK = YES;
				CLANG_WARN_BLOCK_CAPTURE_AUTORELEASING = YES;
				CLANG_WARN_BOOL_CONVERSION = YES;
				CLANG_WARN_COMMA = YES;
				CLANG_WARN_CONSTANT_CONVERSION = YES;
				CLANG_WARN_DEPRECATED_OBJC_IMPLEMENTATIONS = YES;
				CLANG_WARN_DIRECT_OBJC_ISA_USAGE = YES_ERROR;
				CLANG_WARN_DOCUMENTATION_COMMENTS = YES;
				CLANG_WARN_EMPTY_BODY = YES;
				CLANG_WARN_ENUM_CONVERSION = YES;
				CLANG_WARN_INFINITE_RECURSION = YES;
				CLANG_WARN_INT_CONVERSION = YES;
				CLANG_WARN_NON_LITERAL_NULL_CONVERSION = YES;
				CLANG_WARN_OBJC_IMPLICIT_RETAIN_SELF = YES;
				CLANG_WARN_OBJC_LITERAL_CONVERSION = YES;
				CLANG_WARN_OBJC_ROOT_CLASS = YES_ERROR;
				CLANG_WARN_RANGE_LOOP_ANALYSIS = YES;
				CLANG_WARN_STRICT_PROTOTYPES = YES;
				CLANG_WARN_SUSPICIOUS_MOVE = YES;
				CLANG_WARN_UNGUARDED_AVAILABILITY = YES_AGGRESSIVE;
				CLANG_WARN_UNREACHABLE_CODE = YES;
				CLANG_WARN__DUPLICATE_METHOD_MATCH = YES;
				CODE_SIGN_IDENTITY = "iPhone Developer";
				COPY_PHASE_STRIP = NO;
				DEBUG_INFORMATION_FORMAT = dwarf;
				ENABLE_STRICT_OBJC_MSGSEND = YES;
				ENABLE_TESTABILITY = YES;
				GCC_C_LANGUAGE_STANDARD = gnu11;
				GCC_DYNAMIC_NO_PIC = NO;
				GCC_NO_COMMON_BLOCKS = YES;
				GCC_OPTIMIZATION_LEVEL = 0;
				GCC_PREPROCESSOR_DEFINITIONS = (
					"DEBUG=1",
					"$(inherited)",
				);
				GCC_WARN_64_TO_32_BIT_CONVERSION = YES;
				GCC_WARN_ABOUT_RETURN_TYPE = YES_ERROR;
				GCC_WARN_UNDECLARED_SELECTOR = YES;
				GCC_WARN_UNINITIALIZED_AUTOS = YES_AGGRESSIVE;
				GCC_WARN_UNUSED_FUNCTION = YES;
				GCC_WARN_UNUSED_VARIABLE = YES;
				IPHONEOS_DEPLOYMENT_TARGET = 12.1;
				MTL_ENABLE_DEBUG_INFO = INCLUDE_SOURCE;
				MTL_FAST_MATH = YES;
				ONLY_ACTIVE_ARCH = YES;
				SDKROOT = iphoneos;
				SWIFT_ACTIVE_COMPILATION_CONDITIONS = DEBUG;
				SWIFT_OPTIMIZATION_LEVEL = "-Onone";
			};
			name = Debug;
		};
		30FB0108225DBC5800F5F837 /* Release */ = {
			isa = XCBuildConfiguration;
			buildSettings = {
				ALWAYS_SEARCH_USER_PATHS = NO;
				CLANG_ANALYZER_NONNULL = YES;
				CLANG_ANALYZER_NUMBER_OBJECT_CONVERSION = YES_AGGRESSIVE;
				CLANG_CXX_LANGUAGE_STANDARD = "gnu++14";
				CLANG_CXX_LIBRARY = "libc++";
				CLANG_ENABLE_MODULES = YES;
				CLANG_ENABLE_OBJC_ARC = YES;
				CLANG_ENABLE_OBJC_WEAK = YES;
				CLANG_WARN_BLOCK_CAPTURE_AUTORELEASING = YES;
				CLANG_WARN_BOOL_CONVERSION = YES;
				CLANG_WARN_COMMA = YES;
				CLANG_WARN_CONSTANT_CONVERSION = YES;
				CLANG_WARN_DEPRECATED_OBJC_IMPLEMENTATIONS = YES;
				CLANG_WARN_DIRECT_OBJC_ISA_USAGE = YES_ERROR;
				CLANG_WARN_DOCUMENTATION_COMMENTS = YES;
				CLANG_WARN_EMPTY_BODY = YES;
				CLANG_WARN_ENUM_CONVERSION = YES;
				CLANG_WARN_INFINITE_RECURSION = YES;
				CLANG_WARN_INT_CONVERSION = YES;
				CLANG_WARN_NON_LITERAL_NULL_CONVERSION = YES;
				CLANG_WARN_OBJC_IMPLICIT_RETAIN_SELF = YES;
				CLANG_WARN_OBJC_LITERAL_CONVERSION = YES;
				CLANG_WARN_OBJC_ROOT_CLASS = YES_ERROR;
				CLANG_WARN_RANGE_LOOP_ANALYSIS = YES;
				CLANG_WARN_STRICT_PROTOTYPES = YES;
				CLANG_WARN_SUSPICIOUS_MOVE = YES;
				CLANG_WARN_UNGUARDED_AVAILABILITY = YES_AGGRESSIVE;
				CLANG_WARN_UNREACHABLE_CODE = YES;
				CLANG_WARN__DUPLICATE_METHOD_MATCH = YES;
				CODE_SIGN_IDENTITY = "iPhone Developer";
				COPY_PHASE_STRIP = NO;
				DEBUG_INFORMATION_FORMAT = "dwarf-with-dsym";
				ENABLE_NS_ASSERTIONS = NO;
				ENABLE_STRICT_OBJC_MSGSEND = YES;
				GCC_C_LANGUAGE_STANDARD = gnu11;
				GCC_NO_COMMON_BLOCKS = YES;
				GCC_WARN_64_TO_32_BIT_CONVERSION = YES;
				GCC_WARN_ABOUT_RETURN_TYPE = YES_ERROR;
				GCC_WARN_UNDECLARED_SELECTOR = YES;
				GCC_WARN_UNINITIALIZED_AUTOS = YES_AGGRESSIVE;
				GCC_WARN_UNUSED_FUNCTION = YES;
				GCC_WARN_UNUSED_VARIABLE = YES;
				IPHONEOS_DEPLOYMENT_TARGET = 12.1;
				MTL_ENABLE_DEBUG_INFO = NO;
				MTL_FAST_MATH = YES;
				SDKROOT = iphoneos;
				SWIFT_COMPILATION_MODE = wholemodule;
				SWIFT_OPTIMIZATION_LEVEL = "-O";
				VALIDATE_PRODUCT = YES;
			};
			name = Release;
		};
		30FB010A225DBC5800F5F837 /* Debug */ = {
			isa = XCBuildConfiguration;
			baseConfigurationReference = 763EB66975420794010F6175 /* Pods-RxInputOutput.debug.xcconfig */;
			buildSettings = {
				ASSETCATALOG_COMPILER_APPICON_NAME = AppIcon;
				CODE_SIGN_STYLE = Automatic;
				DEVELOPMENT_TEAM = DTB9AB3293;
				INFOPLIST_FILE = "$(SRCROOT)/RxInputOutput/Resources/Info.plist";
				LD_RUNPATH_SEARCH_PATHS = (
					"$(inherited)",
					"@executable_path/Frameworks",
				);
				PRODUCT_BUNDLE_IDENTIFIER = "sasha-malina.ru.RxInputOutput";
				PRODUCT_NAME = "$(TARGET_NAME)";
				SWIFT_VERSION = 4.2;
				TARGETED_DEVICE_FAMILY = "1,2";
			};
			name = Debug;
		};
		30FB010B225DBC5800F5F837 /* Release */ = {
			isa = XCBuildConfiguration;
			baseConfigurationReference = DE016BD87409CC5AEE009AEE /* Pods-RxInputOutput.release.xcconfig */;
			buildSettings = {
				ASSETCATALOG_COMPILER_APPICON_NAME = AppIcon;
				CODE_SIGN_STYLE = Automatic;
				DEVELOPMENT_TEAM = DTB9AB3293;
				INFOPLIST_FILE = "$(SRCROOT)/RxInputOutput/Resources/Info.plist";
				LD_RUNPATH_SEARCH_PATHS = (
					"$(inherited)",
					"@executable_path/Frameworks",
				);
				PRODUCT_BUNDLE_IDENTIFIER = "sasha-malina.ru.RxInputOutput";
				PRODUCT_NAME = "$(TARGET_NAME)";
				SWIFT_VERSION = 4.2;
				TARGETED_DEVICE_FAMILY = "1,2";
			};
			name = Release;
		};
		30FB010D225DBC5800F5F837 /* Debug */ = {
			isa = XCBuildConfiguration;
			baseConfigurationReference = 6508C3AFFA5884C1F433B53F /* Pods-RxInputOutputTests.debug.xcconfig */;
			buildSettings = {
				ALWAYS_EMBED_SWIFT_STANDARD_LIBRARIES = YES;
				BUNDLE_LOADER = "$(TEST_HOST)";
				CODE_SIGN_STYLE = Automatic;
				DEVELOPMENT_TEAM = DTB9AB3293;
				INFOPLIST_FILE = RxInputOutputTests/Info.plist;
				LD_RUNPATH_SEARCH_PATHS = (
					"$(inherited)",
					"@executable_path/Frameworks",
					"@loader_path/Frameworks",
				);
				PRODUCT_BUNDLE_IDENTIFIER = "sasha-malina.ru.RxInputOutputTests";
				PRODUCT_NAME = "$(TARGET_NAME)";
				SWIFT_VERSION = 4.2;
				TARGETED_DEVICE_FAMILY = "1,2";
				TEST_HOST = "$(BUILT_PRODUCTS_DIR)/RxInputOutput.app/RxInputOutput";
			};
			name = Debug;
		};
		30FB010E225DBC5800F5F837 /* Release */ = {
			isa = XCBuildConfiguration;
			baseConfigurationReference = 0131F7FF774714806A55122D /* Pods-RxInputOutputTests.release.xcconfig */;
			buildSettings = {
				ALWAYS_EMBED_SWIFT_STANDARD_LIBRARIES = YES;
				BUNDLE_LOADER = "$(TEST_HOST)";
				CODE_SIGN_STYLE = Automatic;
				DEVELOPMENT_TEAM = DTB9AB3293;
				INFOPLIST_FILE = RxInputOutputTests/Info.plist;
				LD_RUNPATH_SEARCH_PATHS = (
					"$(inherited)",
					"@executable_path/Frameworks",
					"@loader_path/Frameworks",
				);
				PRODUCT_BUNDLE_IDENTIFIER = "sasha-malina.ru.RxInputOutputTests";
				PRODUCT_NAME = "$(TARGET_NAME)";
				SWIFT_VERSION = 4.2;
				TARGETED_DEVICE_FAMILY = "1,2";
				TEST_HOST = "$(BUILT_PRODUCTS_DIR)/RxInputOutput.app/RxInputOutput";
			};
			name = Release;
		};
/* End XCBuildConfiguration section */

/* Begin XCConfigurationList section */
		30FB00E7225DBC5700F5F837 /* Build configuration list for PBXProject "RxInputOutput" */ = {
			isa = XCConfigurationList;
			buildConfigurations = (
				30FB0107225DBC5800F5F837 /* Debug */,
				30FB0108225DBC5800F5F837 /* Release */,
			);
			defaultConfigurationIsVisible = 0;
			defaultConfigurationName = Release;
		};
		30FB0109225DBC5800F5F837 /* Build configuration list for PBXNativeTarget "RxInputOutput" */ = {
			isa = XCConfigurationList;
			buildConfigurations = (
				30FB010A225DBC5800F5F837 /* Debug */,
				30FB010B225DBC5800F5F837 /* Release */,
			);
			defaultConfigurationIsVisible = 0;
			defaultConfigurationName = Release;
		};
		30FB010C225DBC5800F5F837 /* Build configuration list for PBXNativeTarget "RxInputOutputTests" */ = {
			isa = XCConfigurationList;
			buildConfigurations = (
				30FB010D225DBC5800F5F837 /* Debug */,
				30FB010E225DBC5800F5F837 /* Release */,
			);
			defaultConfigurationIsVisible = 0;
			defaultConfigurationName = Release;
		};
/* End XCConfigurationList section */
	};
	rootObject = 30FB00E4225DBC5700F5F837 /* Project object */;
}
